{
    "name": "antigravity-omni-jz",
    "version": "4.2.0",
    "lockfileVersion": 3,
    "requires": true,
    "packages": {
        "": {
            "name": "antigravity-omni-jz",
            "version": "4.2.0",
            "license": "MIT",
            "bin": {
                "ag-jz": "bin/ag-jz.js"
            }
        }
    }
}
